// !$*UTF8*$!
{
	archiveVersion = 1;
	classes = {
	};
	objectVersion = 50;
	objects = {

/* Begin PBXBuildFile section */
		5B32867724FB619F00FE2EEC /* Button.swift in Sources */ = {isa = PBXBuildFile; fileRef = 5B32867624FB619F00FE2EEC /* Button.swift */; };
		5B32867924FB671200FE2EEC /* UserNameViewController.swift in Sources */ = {isa = PBXBuildFile; fileRef = 5B32867824FB671200FE2EEC /* UserNameViewController.swift */; };
		5B32867B24FB6AA300FE2EEC /* CountdownViewController.swift in Sources */ = {isa = PBXBuildFile; fileRef = 5B32867A24FB6AA300FE2EEC /* CountdownViewController.swift */; };
		5B32867D24FB6AB400FE2EEC /* PlayViewController.swift in Sources */ = {isa = PBXBuildFile; fileRef = 5B32867C24FB6AB400FE2EEC /* PlayViewController.swift */; };
		5B32867F24FB6AC000FE2EEC /* LeaderboardViewController.swift in Sources */ = {isa = PBXBuildFile; fileRef = 5B32867E24FB6AC000FE2EEC /* LeaderboardViewController.swift */; };
		5B32868124FB6AC700FE2EEC /* StoryViewController.swift in Sources */ = {isa = PBXBuildFile; fileRef = 5B32868024FB6AC700FE2EEC /* StoryViewController.swift */; };
		5B32868324FB6ACE00FE2EEC /* ProfileViewController.swift in Sources */ = {isa = PBXBuildFile; fileRef = 5B32868224FB6ACE00FE2EEC /* ProfileViewController.swift */; };
		5B32868724FB6B4700FE2EEC /* RulesViewController.swift in Sources */ = {isa = PBXBuildFile; fileRef = 5B32868624FB6B4700FE2EEC /* RulesViewController.swift */; };
		5B32868924FB949200FE2EEC /* CustomTextField.swift in Sources */ = {isa = PBXBuildFile; fileRef = 5B32868824FB949200FE2EEC /* CustomTextField.swift */; };
		5B32868B24FB9AC000FE2EEC /* Number.swift in Sources */ = {isa = PBXBuildFile; fileRef = 5B32868A24FB9AC000FE2EEC /* Number.swift */; };
		5B32868D24FBA02600FE2EEC /* View.swift in Sources */ = {isa = PBXBuildFile; fileRef = 5B32868C24FBA02600FE2EEC /* View.swift */; };
		5B32868F24FBD97900FE2EEC /* xpBar.swift in Sources */ = {isa = PBXBuildFile; fileRef = 5B32868E24FBD97900FE2EEC /* xpBar.swift */; };
		5B32869124FC0A4D00FE2EEC /* HintAlert.xib in Resources */ = {isa = PBXBuildFile; fileRef = 5B32869024FC0A4D00FE2EEC /* HintAlert.xib */; };
		5B32869524FC0E9400FE2EEC /* HintAlert.swift in Sources */ = {isa = PBXBuildFile; fileRef = 5B32869424FC0E9400FE2EEC /* HintAlert.swift */; };
		5B32869724FC256E00FE2EEC /* LeaderboardCell.swift in Sources */ = {isa = PBXBuildFile; fileRef = 5B32869624FC256E00FE2EEC /* LeaderboardCell.swift */; };
		5B32869924FC27F100FE2EEC /* LeaderboardModel.swift in Sources */ = {isa = PBXBuildFile; fileRef = 5B32869824FC27F100FE2EEC /* LeaderboardModel.swift */; };
		5B8F72262506929E00C427F7 /* GoogleSignIn.framework in Frameworks */ = {isa = PBXBuildFile; fileRef = 5B8F72232506929D00C427F7 /* GoogleSignIn.framework */; };
		5B8F72272506929E00C427F7 /* GoogleSignInDependencies.framework in Frameworks */ = {isa = PBXBuildFile; fileRef = 5B8F72242506929E00C427F7 /* GoogleSignInDependencies.framework */; };
		5B8F72282506929E00C427F7 /* GoogleSignIn.bundle in Resources */ = {isa = PBXBuildFile; fileRef = 5B8F72252506929E00C427F7 /* GoogleSignIn.bundle */; };
		5B8F722C2506952F00C427F7 /* LocalAuthentication.framework in Frameworks */ = {isa = PBXBuildFile; fileRef = 5B8F722B2506952F00C427F7 /* LocalAuthentication.framework */; };
		5B8F722E2506953A00C427F7 /* SafariServices.framework in Frameworks */ = {isa = PBXBuildFile; fileRef = 5B8F722D2506953A00C427F7 /* SafariServices.framework */; };
		5B8F72302506954600C427F7 /* AuthenticationServices.framework in Frameworks */ = {isa = PBXBuildFile; fileRef = 5B8F722F2506954600C427F7 /* AuthenticationServices.framework */; };
		5B8F72322506955800C427F7 /* SystemConfiguration.framework in Frameworks */ = {isa = PBXBuildFile; fileRef = 5B8F72312506955800C427F7 /* SystemConfiguration.framework */; };
		5B8F7234250695ED00C427F7 /* credentials.plist in Resources */ = {isa = PBXBuildFile; fileRef = 5B8F7233250695ED00C427F7 /* credentials.plist */; };
		5B8F7238250696C400C427F7 /* Google+Signin.swift in Sources */ = {isa = PBXBuildFile; fileRef = 5B8F7237250696C400C427F7 /* Google+Signin.swift */; };
		5B921FDD250745A900B2AFF4 /* Network Constants.swift in Sources */ = {isa = PBXBuildFile; fileRef = 5B921FDC250745A900B2AFF4 /* Network Constants.swift */; };
		5B921FDF250748BE00B2AFF4 /* Web Helper.swift in Sources */ = {isa = PBXBuildFile; fileRef = 5B921FDE250748BE00B2AFF4 /* Web Helper.swift */; };
		5B921FE1250749D900B2AFF4 /* Error.swift in Sources */ = {isa = PBXBuildFile; fileRef = 5B921FE0250749D900B2AFF4 /* Error.swift */; };
		5B921FE325074EAC00B2AFF4 /* Defaults.swift in Sources */ = {isa = PBXBuildFile; fileRef = 5B921FE225074EAC00B2AFF4 /* Defaults.swift */; };
		5B921FE52507503000B2AFF4 /* ServiceController.swift in Sources */ = {isa = PBXBuildFile; fileRef = 5B921FE42507503000B2AFF4 /* ServiceController.swift */; };
		5B921FE72507505200B2AFF4 /* PostController.swift in Sources */ = {isa = PBXBuildFile; fileRef = 5B921FE62507505200B2AFF4 /* PostController.swift */; };
		5B921FEB2507516E00B2AFF4 /* Signup Request.swift in Sources */ = {isa = PBXBuildFile; fileRef = 5B921FEA2507516E00B2AFF4 /* Signup Request.swift */; };
		5BABB71C24FAC9F8006D5541 /* AppDelegate.swift in Sources */ = {isa = PBXBuildFile; fileRef = 5BABB71B24FAC9F8006D5541 /* AppDelegate.swift */; };
		5BABB71E24FAC9F8006D5541 /* SceneDelegate.swift in Sources */ = {isa = PBXBuildFile; fileRef = 5BABB71D24FAC9F8006D5541 /* SceneDelegate.swift */; };
		5BABB72324FAC9F8006D5541 /* Main.storyboard in Resources */ = {isa = PBXBuildFile; fileRef = 5BABB72124FAC9F8006D5541 /* Main.storyboard */; };
		5BABB72524FACA01006D5541 /* Assets.xcassets in Resources */ = {isa = PBXBuildFile; fileRef = 5BABB72424FACA01006D5541 /* Assets.xcassets */; };
		5BABB72824FACA01006D5541 /* LaunchScreen.storyboard in Resources */ = {isa = PBXBuildFile; fileRef = 5BABB72624FACA01006D5541 /* LaunchScreen.storyboard */; };
		5BABB73324FACA02006D5541 /* EnigmaTests.swift in Sources */ = {isa = PBXBuildFile; fileRef = 5BABB73224FACA02006D5541 /* EnigmaTests.swift */; };
		5BABB73E24FACA02006D5541 /* EnigmaUITests.swift in Sources */ = {isa = PBXBuildFile; fileRef = 5BABB73D24FACA02006D5541 /* EnigmaUITests.swift */; };
		5BABB75824FACDA9006D5541 /* IBMPlexMono-Regular.ttf in Resources */ = {isa = PBXBuildFile; fileRef = 5BABB75124FACDA8006D5541 /* IBMPlexMono-Regular.ttf */; };
		5BABB75924FACDA9006D5541 /* IBMPlexMono-Regular.ttf in Resources */ = {isa = PBXBuildFile; fileRef = 5BABB75124FACDA8006D5541 /* IBMPlexMono-Regular.ttf */; };
		5BABB75A24FACDA9006D5541 /* IBMPlexMono-Regular.ttf in Resources */ = {isa = PBXBuildFile; fileRef = 5BABB75124FACDA8006D5541 /* IBMPlexMono-Regular.ttf */; };
		5BABB75B24FACDA9006D5541 /* IBMPlexMono-Medium.ttf in Resources */ = {isa = PBXBuildFile; fileRef = 5BABB75224FACDA8006D5541 /* IBMPlexMono-Medium.ttf */; };
		5BABB75C24FACDA9006D5541 /* IBMPlexMono-Medium.ttf in Resources */ = {isa = PBXBuildFile; fileRef = 5BABB75224FACDA8006D5541 /* IBMPlexMono-Medium.ttf */; };
		5BABB75D24FACDA9006D5541 /* IBMPlexMono-Medium.ttf in Resources */ = {isa = PBXBuildFile; fileRef = 5BABB75224FACDA8006D5541 /* IBMPlexMono-Medium.ttf */; };
		5BABB75E24FACDA9006D5541 /* IBMPlexMono-Light.ttf in Resources */ = {isa = PBXBuildFile; fileRef = 5BABB75324FACDA8006D5541 /* IBMPlexMono-Light.ttf */; };
		5BABB75F24FACDA9006D5541 /* IBMPlexMono-Light.ttf in Resources */ = {isa = PBXBuildFile; fileRef = 5BABB75324FACDA8006D5541 /* IBMPlexMono-Light.ttf */; };
		5BABB76024FACDA9006D5541 /* IBMPlexMono-Light.ttf in Resources */ = {isa = PBXBuildFile; fileRef = 5BABB75324FACDA8006D5541 /* IBMPlexMono-Light.ttf */; };
		5BABB76124FACDA9006D5541 /* IBMPlexMono-Bold.ttf in Resources */ = {isa = PBXBuildFile; fileRef = 5BABB75424FACDA9006D5541 /* IBMPlexMono-Bold.ttf */; };
		5BABB76224FACDA9006D5541 /* IBMPlexMono-Bold.ttf in Resources */ = {isa = PBXBuildFile; fileRef = 5BABB75424FACDA9006D5541 /* IBMPlexMono-Bold.ttf */; };
		5BABB76324FACDA9006D5541 /* IBMPlexMono-Bold.ttf in Resources */ = {isa = PBXBuildFile; fileRef = 5BABB75424FACDA9006D5541 /* IBMPlexMono-Bold.ttf */; };
		5BABB76424FACDA9006D5541 /* IBMPlexMono-ExtraLight.ttf in Resources */ = {isa = PBXBuildFile; fileRef = 5BABB75524FACDA9006D5541 /* IBMPlexMono-ExtraLight.ttf */; };
		5BABB76524FACDA9006D5541 /* IBMPlexMono-ExtraLight.ttf in Resources */ = {isa = PBXBuildFile; fileRef = 5BABB75524FACDA9006D5541 /* IBMPlexMono-ExtraLight.ttf */; };
		5BABB76624FACDA9006D5541 /* IBMPlexMono-ExtraLight.ttf in Resources */ = {isa = PBXBuildFile; fileRef = 5BABB75524FACDA9006D5541 /* IBMPlexMono-ExtraLight.ttf */; };
		5BABB76724FACDA9006D5541 /* IBMPlexMono-SemiBold.ttf in Resources */ = {isa = PBXBuildFile; fileRef = 5BABB75624FACDA9006D5541 /* IBMPlexMono-SemiBold.ttf */; };
		5BABB76824FACDA9006D5541 /* IBMPlexMono-SemiBold.ttf in Resources */ = {isa = PBXBuildFile; fileRef = 5BABB75624FACDA9006D5541 /* IBMPlexMono-SemiBold.ttf */; };
		5BABB76924FACDA9006D5541 /* IBMPlexMono-SemiBold.ttf in Resources */ = {isa = PBXBuildFile; fileRef = 5BABB75624FACDA9006D5541 /* IBMPlexMono-SemiBold.ttf */; };
		5BABB76A24FACDA9006D5541 /* IBMPlexMono-Thin.ttf in Resources */ = {isa = PBXBuildFile; fileRef = 5BABB75724FACDA9006D5541 /* IBMPlexMono-Thin.ttf */; };
		5BABB76B24FACDA9006D5541 /* IBMPlexMono-Thin.ttf in Resources */ = {isa = PBXBuildFile; fileRef = 5BABB75724FACDA9006D5541 /* IBMPlexMono-Thin.ttf */; };
		5BABB76C24FACDA9006D5541 /* IBMPlexMono-Thin.ttf in Resources */ = {isa = PBXBuildFile; fileRef = 5BABB75724FACDA9006D5541 /* IBMPlexMono-Thin.ttf */; };
		5BABB76F24FACDD9006D5541 /* Constants.swift in Sources */ = {isa = PBXBuildFile; fileRef = 5BABB76E24FACDD9006D5541 /* Constants.swift */; };
		5BABB77024FACDD9006D5541 /* Constants.swift in Sources */ = {isa = PBXBuildFile; fileRef = 5BABB76E24FACDD9006D5541 /* Constants.swift */; };
		5BABB77124FACDD9006D5541 /* Constants.swift in Sources */ = {isa = PBXBuildFile; fileRef = 5BABB76E24FACDD9006D5541 /* Constants.swift */; };
		5BABB77424FAD063006D5541 /* Inconsolata.otf in Resources */ = {isa = PBXBuildFile; fileRef = 5BABB77324FAD063006D5541 /* Inconsolata.otf */; };
		5BABB7BA24FADEEB006D5541 /* TabbarController.swift in Sources */ = {isa = PBXBuildFile; fileRef = 5BABB7B924FADEEB006D5541 /* TabbarController.swift */; };
		5BABB7BC24FAE05B006D5541 /* HomeViewController.swift in Sources */ = {isa = PBXBuildFile; fileRef = 5BABB7BB24FAE05B006D5541 /* HomeViewController.swift */; };
		5BE7D7E12501F38200222707 /* AKAlert.xib in Resources */ = {isa = PBXBuildFile; fileRef = 5BE7D7E02501F38100222707 /* AKAlert.xib */; };
		5BE7D7E32501F52700222707 /* AKAlert.swift in Sources */ = {isa = PBXBuildFile; fileRef = 5BE7D7E22501F52700222707 /* AKAlert.swift */; };
		5BF83A0224FEAFC900A93885 /* ViewController.swift in Sources */ = {isa = PBXBuildFile; fileRef = 5BF83A0124FEAFC900A93885 /* ViewController.swift */; };
/* End PBXBuildFile section */

/* Begin PBXContainerItemProxy section */
		5BABB72F24FACA02006D5541 /* PBXContainerItemProxy */ = {
			isa = PBXContainerItemProxy;
			containerPortal = 5BABB71024FAC9F8006D5541 /* Project object */;
			proxyType = 1;
			remoteGlobalIDString = 5BABB71724FAC9F8006D5541;
			remoteInfo = Enigma;
		};
		5BABB73A24FACA02006D5541 /* PBXContainerItemProxy */ = {
			isa = PBXContainerItemProxy;
			containerPortal = 5BABB71024FAC9F8006D5541 /* Project object */;
			proxyType = 1;
			remoteGlobalIDString = 5BABB71724FAC9F8006D5541;
			remoteInfo = Enigma;
		};
/* End PBXContainerItemProxy section */

/* Begin PBXFileReference section */
		5B32867624FB619F00FE2EEC /* Button.swift */ = {isa = PBXFileReference; lastKnownFileType = sourcecode.swift; path = Button.swift; sourceTree = "<group>"; };
		5B32867824FB671200FE2EEC /* UserNameViewController.swift */ = {isa = PBXFileReference; lastKnownFileType = sourcecode.swift; path = UserNameViewController.swift; sourceTree = "<group>"; };
		5B32867A24FB6AA300FE2EEC /* CountdownViewController.swift */ = {isa = PBXFileReference; lastKnownFileType = sourcecode.swift; path = CountdownViewController.swift; sourceTree = "<group>"; };
		5B32867C24FB6AB400FE2EEC /* PlayViewController.swift */ = {isa = PBXFileReference; lastKnownFileType = sourcecode.swift; path = PlayViewController.swift; sourceTree = "<group>"; };
		5B32867E24FB6AC000FE2EEC /* LeaderboardViewController.swift */ = {isa = PBXFileReference; lastKnownFileType = sourcecode.swift; path = LeaderboardViewController.swift; sourceTree = "<group>"; };
		5B32868024FB6AC700FE2EEC /* StoryViewController.swift */ = {isa = PBXFileReference; lastKnownFileType = sourcecode.swift; path = StoryViewController.swift; sourceTree = "<group>"; };
		5B32868224FB6ACE00FE2EEC /* ProfileViewController.swift */ = {isa = PBXFileReference; lastKnownFileType = sourcecode.swift; path = ProfileViewController.swift; sourceTree = "<group>"; };
		5B32868624FB6B4700FE2EEC /* RulesViewController.swift */ = {isa = PBXFileReference; lastKnownFileType = sourcecode.swift; path = RulesViewController.swift; sourceTree = "<group>"; };
		5B32868824FB949200FE2EEC /* CustomTextField.swift */ = {isa = PBXFileReference; lastKnownFileType = sourcecode.swift; path = CustomTextField.swift; sourceTree = "<group>"; };
		5B32868A24FB9AC000FE2EEC /* Number.swift */ = {isa = PBXFileReference; lastKnownFileType = sourcecode.swift; path = Number.swift; sourceTree = "<group>"; };
		5B32868C24FBA02600FE2EEC /* View.swift */ = {isa = PBXFileReference; lastKnownFileType = sourcecode.swift; path = View.swift; sourceTree = "<group>"; };
		5B32868E24FBD97900FE2EEC /* xpBar.swift */ = {isa = PBXFileReference; lastKnownFileType = sourcecode.swift; path = xpBar.swift; sourceTree = "<group>"; };
		5B32869024FC0A4D00FE2EEC /* HintAlert.xib */ = {isa = PBXFileReference; lastKnownFileType = file.xib; path = HintAlert.xib; sourceTree = "<group>"; };
		5B32869424FC0E9400FE2EEC /* HintAlert.swift */ = {isa = PBXFileReference; lastKnownFileType = sourcecode.swift; path = HintAlert.swift; sourceTree = "<group>"; };
		5B32869624FC256E00FE2EEC /* LeaderboardCell.swift */ = {isa = PBXFileReference; lastKnownFileType = sourcecode.swift; path = LeaderboardCell.swift; sourceTree = "<group>"; };
		5B32869824FC27F100FE2EEC /* LeaderboardModel.swift */ = {isa = PBXFileReference; lastKnownFileType = sourcecode.swift; path = LeaderboardModel.swift; sourceTree = "<group>"; };
		5B8F72232506929D00C427F7 /* GoogleSignIn.framework */ = {isa = PBXFileReference; lastKnownFileType = wrapper.framework; path = GoogleSignIn.framework; sourceTree = "<group>"; };
		5B8F72242506929E00C427F7 /* GoogleSignInDependencies.framework */ = {isa = PBXFileReference; lastKnownFileType = wrapper.framework; path = GoogleSignInDependencies.framework; sourceTree = "<group>"; };
		5B8F72252506929E00C427F7 /* GoogleSignIn.bundle */ = {isa = PBXFileReference; lastKnownFileType = "wrapper.plug-in"; path = GoogleSignIn.bundle; sourceTree = "<group>"; };
		5B8F7229250692B300C427F7 /* GoogleSignIn.bundle */ = {isa = PBXFileReference; lastKnownFileType = "wrapper.plug-in"; name = GoogleSignIn.bundle; path = Enigma/Google/GoogleSignIn.bundle; sourceTree = "<group>"; };
		5B8F722B2506952F00C427F7 /* LocalAuthentication.framework */ = {isa = PBXFileReference; lastKnownFileType = wrapper.framework; name = LocalAuthentication.framework; path = System/Library/Frameworks/LocalAuthentication.framework; sourceTree = SDKROOT; };
		5B8F722D2506953A00C427F7 /* SafariServices.framework */ = {isa = PBXFileReference; lastKnownFileType = wrapper.framework; name = SafariServices.framework; path = System/Library/Frameworks/SafariServices.framework; sourceTree = SDKROOT; };
		5B8F722F2506954600C427F7 /* AuthenticationServices.framework */ = {isa = PBXFileReference; lastKnownFileType = wrapper.framework; name = AuthenticationServices.framework; path = System/Library/Frameworks/AuthenticationServices.framework; sourceTree = SDKROOT; };
		5B8F72312506955800C427F7 /* SystemConfiguration.framework */ = {isa = PBXFileReference; lastKnownFileType = wrapper.framework; name = SystemConfiguration.framework; path = System/Library/Frameworks/SystemConfiguration.framework; sourceTree = SDKROOT; };
		5B8F7233250695ED00C427F7 /* credentials.plist */ = {isa = PBXFileReference; fileEncoding = 4; lastKnownFileType = text.plist.xml; path = credentials.plist; sourceTree = "<group>"; };
		5B8F7237250696C400C427F7 /* Google+Signin.swift */ = {isa = PBXFileReference; lastKnownFileType = sourcecode.swift; path = "Google+Signin.swift"; sourceTree = "<group>"; };
		5B921FDC250745A900B2AFF4 /* Network Constants.swift */ = {isa = PBXFileReference; lastKnownFileType = sourcecode.swift; path = "Network Constants.swift"; sourceTree = "<group>"; };
		5B921FDE250748BE00B2AFF4 /* Web Helper.swift */ = {isa = PBXFileReference; lastKnownFileType = sourcecode.swift; path = "Web Helper.swift"; sourceTree = "<group>"; };
		5B921FE0250749D900B2AFF4 /* Error.swift */ = {isa = PBXFileReference; lastKnownFileType = sourcecode.swift; path = Error.swift; sourceTree = "<group>"; };
		5B921FE225074EAC00B2AFF4 /* Defaults.swift */ = {isa = PBXFileReference; lastKnownFileType = sourcecode.swift; path = Defaults.swift; sourceTree = "<group>"; };
		5B921FE42507503000B2AFF4 /* ServiceController.swift */ = {isa = PBXFileReference; lastKnownFileType = sourcecode.swift; path = ServiceController.swift; sourceTree = "<group>"; };
		5B921FE62507505200B2AFF4 /* PostController.swift */ = {isa = PBXFileReference; lastKnownFileType = sourcecode.swift; path = PostController.swift; sourceTree = "<group>"; };
		5B921FEA2507516E00B2AFF4 /* Signup Request.swift */ = {isa = PBXFileReference; lastKnownFileType = sourcecode.swift; path = "Signup Request.swift"; sourceTree = "<group>"; };
		5BABB71824FAC9F8006D5541 /* Enigma.app */ = {isa = PBXFileReference; explicitFileType = wrapper.application; includeInIndex = 0; path = Enigma.app; sourceTree = BUILT_PRODUCTS_DIR; };
		5BABB71B24FAC9F8006D5541 /* AppDelegate.swift */ = {isa = PBXFileReference; lastKnownFileType = sourcecode.swift; path = AppDelegate.swift; sourceTree = "<group>"; };
		5BABB71D24FAC9F8006D5541 /* SceneDelegate.swift */ = {isa = PBXFileReference; lastKnownFileType = sourcecode.swift; path = SceneDelegate.swift; sourceTree = "<group>"; };
		5BABB72224FAC9F8006D5541 /* Base */ = {isa = PBXFileReference; lastKnownFileType = file.storyboard; name = Base; path = Base.lproj/Main.storyboard; sourceTree = "<group>"; };
		5BABB72424FACA01006D5541 /* Assets.xcassets */ = {isa = PBXFileReference; lastKnownFileType = folder.assetcatalog; path = Assets.xcassets; sourceTree = "<group>"; };
		5BABB72724FACA01006D5541 /* Base */ = {isa = PBXFileReference; lastKnownFileType = file.storyboard; name = Base; path = Base.lproj/LaunchScreen.storyboard; sourceTree = "<group>"; };
		5BABB72924FACA01006D5541 /* Info.plist */ = {isa = PBXFileReference; lastKnownFileType = text.plist.xml; path = Info.plist; sourceTree = "<group>"; };
		5BABB72E24FACA02006D5541 /* EnigmaTests.xctest */ = {isa = PBXFileReference; explicitFileType = wrapper.cfbundle; includeInIndex = 0; path = EnigmaTests.xctest; sourceTree = BUILT_PRODUCTS_DIR; };
		5BABB73224FACA02006D5541 /* EnigmaTests.swift */ = {isa = PBXFileReference; lastKnownFileType = sourcecode.swift; path = EnigmaTests.swift; sourceTree = "<group>"; };
		5BABB73424FACA02006D5541 /* Info.plist */ = {isa = PBXFileReference; lastKnownFileType = text.plist.xml; path = Info.plist; sourceTree = "<group>"; };
		5BABB73924FACA02006D5541 /* EnigmaUITests.xctest */ = {isa = PBXFileReference; explicitFileType = wrapper.cfbundle; includeInIndex = 0; path = EnigmaUITests.xctest; sourceTree = BUILT_PRODUCTS_DIR; };
		5BABB73D24FACA02006D5541 /* EnigmaUITests.swift */ = {isa = PBXFileReference; lastKnownFileType = sourcecode.swift; path = EnigmaUITests.swift; sourceTree = "<group>"; };
		5BABB73F24FACA02006D5541 /* Info.plist */ = {isa = PBXFileReference; lastKnownFileType = text.plist.xml; path = Info.plist; sourceTree = "<group>"; };
		5BABB75124FACDA8006D5541 /* IBMPlexMono-Regular.ttf */ = {isa = PBXFileReference; lastKnownFileType = file; path = "IBMPlexMono-Regular.ttf"; sourceTree = "<group>"; };
		5BABB75224FACDA8006D5541 /* IBMPlexMono-Medium.ttf */ = {isa = PBXFileReference; lastKnownFileType = file; path = "IBMPlexMono-Medium.ttf"; sourceTree = "<group>"; };
		5BABB75324FACDA8006D5541 /* IBMPlexMono-Light.ttf */ = {isa = PBXFileReference; lastKnownFileType = file; path = "IBMPlexMono-Light.ttf"; sourceTree = "<group>"; };
		5BABB75424FACDA9006D5541 /* IBMPlexMono-Bold.ttf */ = {isa = PBXFileReference; lastKnownFileType = file; path = "IBMPlexMono-Bold.ttf"; sourceTree = "<group>"; };
		5BABB75524FACDA9006D5541 /* IBMPlexMono-ExtraLight.ttf */ = {isa = PBXFileReference; lastKnownFileType = file; path = "IBMPlexMono-ExtraLight.ttf"; sourceTree = "<group>"; };
		5BABB75624FACDA9006D5541 /* IBMPlexMono-SemiBold.ttf */ = {isa = PBXFileReference; lastKnownFileType = file; path = "IBMPlexMono-SemiBold.ttf"; sourceTree = "<group>"; };
		5BABB75724FACDA9006D5541 /* IBMPlexMono-Thin.ttf */ = {isa = PBXFileReference; lastKnownFileType = file; path = "IBMPlexMono-Thin.ttf"; sourceTree = "<group>"; };
		5BABB76E24FACDD9006D5541 /* Constants.swift */ = {isa = PBXFileReference; lastKnownFileType = sourcecode.swift; path = Constants.swift; sourceTree = "<group>"; };
		5BABB77324FAD063006D5541 /* Inconsolata.otf */ = {isa = PBXFileReference; lastKnownFileType = file; path = Inconsolata.otf; sourceTree = "<group>"; };
		5BABB7B924FADEEB006D5541 /* TabbarController.swift */ = {isa = PBXFileReference; lastKnownFileType = sourcecode.swift; path = TabbarController.swift; sourceTree = "<group>"; };
		5BABB7BB24FAE05B006D5541 /* HomeViewController.swift */ = {isa = PBXFileReference; lastKnownFileType = sourcecode.swift; path = HomeViewController.swift; sourceTree = "<group>"; };
		5BE7D7E02501F38100222707 /* AKAlert.xib */ = {isa = PBXFileReference; lastKnownFileType = file.xib; name = AKAlert.xib; path = Enigma/View/AKALert/AKAlert.xib; sourceTree = SOURCE_ROOT; };
		5BE7D7E22501F52700222707 /* AKAlert.swift */ = {isa = PBXFileReference; lastKnownFileType = sourcecode.swift; path = AKAlert.swift; sourceTree = "<group>"; };
		5BF83A0124FEAFC900A93885 /* ViewController.swift */ = {isa = PBXFileReference; lastKnownFileType = sourcecode.swift; path = ViewController.swift; sourceTree = "<group>"; };
/* End PBXFileReference section */

/* Begin PBXFrameworksBuildPhase section */
		5BABB71524FAC9F8006D5541 /* Frameworks */ = {
			isa = PBXFrameworksBuildPhase;
			buildActionMask = 2147483647;
			files = (
				5B8F72322506955800C427F7 /* SystemConfiguration.framework in Frameworks */,
				5B8F72302506954600C427F7 /* AuthenticationServices.framework in Frameworks */,
				5B8F722E2506953A00C427F7 /* SafariServices.framework in Frameworks */,
				5B8F722C2506952F00C427F7 /* LocalAuthentication.framework in Frameworks */,
				5B8F72272506929E00C427F7 /* GoogleSignInDependencies.framework in Frameworks */,
				5B8F72262506929E00C427F7 /* GoogleSignIn.framework in Frameworks */,
			);
			runOnlyForDeploymentPostprocessing = 0;
		};
		5BABB72B24FACA02006D5541 /* Frameworks */ = {
			isa = PBXFrameworksBuildPhase;
			buildActionMask = 2147483647;
			files = (
			);
			runOnlyForDeploymentPostprocessing = 0;
		};
		5BABB73624FACA02006D5541 /* Frameworks */ = {
			isa = PBXFrameworksBuildPhase;
			buildActionMask = 2147483647;
			files = (
			);
			runOnlyForDeploymentPostprocessing = 0;
		};
/* End PBXFrameworksBuildPhase section */

/* Begin PBXGroup section */
		5B32867524FB619300FE2EEC /* Extensions */ = {
			isa = PBXGroup;
			children = (
				5B32867624FB619F00FE2EEC /* Button.swift */,
				5B32868A24FB9AC000FE2EEC /* Number.swift */,
				5B32868C24FBA02600FE2EEC /* View.swift */,
				5BF83A0124FEAFC900A93885 /* ViewController.swift */,
			);
			path = Extensions;
			sourceTree = "<group>";
		};
		5B32868424FB6AD500FE2EEC /* Login */ = {
			isa = PBXGroup;
			children = (
				5BABB7BB24FAE05B006D5541 /* HomeViewController.swift */,
				5B32867824FB671200FE2EEC /* UserNameViewController.swift */,
				5B32867A24FB6AA300FE2EEC /* CountdownViewController.swift */,
			);
			path = Login;
			sourceTree = "<group>";
		};
		5B32868524FB6ADF00FE2EEC /* Main */ = {
			isa = PBXGroup;
			children = (
				5B32867C24FB6AB400FE2EEC /* PlayViewController.swift */,
				5B32867E24FB6AC000FE2EEC /* LeaderboardViewController.swift */,
				5B32868024FB6AC700FE2EEC /* StoryViewController.swift */,
				5B32868224FB6ACE00FE2EEC /* ProfileViewController.swift */,
				5B32868624FB6B4700FE2EEC /* RulesViewController.swift */,
			);
			path = Main;
			sourceTree = "<group>";
		};
		5B8F72222506928D00C427F7 /* Google */ = {
			isa = PBXGroup;
			children = (
				5B8F72252506929E00C427F7 /* GoogleSignIn.bundle */,
				5B8F72232506929D00C427F7 /* GoogleSignIn.framework */,
				5B8F72242506929E00C427F7 /* GoogleSignInDependencies.framework */,
			);
			path = Google;
			sourceTree = "<group>";
		};
		5B8F722A2506952F00C427F7 /* Frameworks */ = {
			isa = PBXGroup;
			children = (
				5B8F72312506955800C427F7 /* SystemConfiguration.framework */,
				5B8F722F2506954600C427F7 /* AuthenticationServices.framework */,
				5B8F722D2506953A00C427F7 /* SafariServices.framework */,
				5B8F722B2506952F00C427F7 /* LocalAuthentication.framework */,
			);
			name = Frameworks;
			sourceTree = "<group>";
		};
		5B8F7235250696B200C427F7 /* Services */ = {
			isa = PBXGroup;
			children = (
				5B8F7237250696C400C427F7 /* Google+Signin.swift */,
				5B921FE42507503000B2AFF4 /* ServiceController.swift */,
				5B921FE62507505200B2AFF4 /* PostController.swift */,
			);
			path = Services;
			sourceTree = "<group>";
		};
		5B921FEC2507518A00B2AFF4 /* Request */ = {
			isa = PBXGroup;
			children = (
				5B921FEA2507516E00B2AFF4 /* Signup Request.swift */,
			);
			path = Request;
			sourceTree = "<group>";
		};
		5B921FED2507518E00B2AFF4 /* Response */ = {
			isa = PBXGroup;
			children = (
				5B32869824FC27F100FE2EEC /* LeaderboardModel.swift */,
				5B921FE0250749D900B2AFF4 /* Error.swift */,
			);
			path = Response;
			sourceTree = "<group>";
		};
		5BABB70F24FAC9F8006D5541 = {
			isa = PBXGroup;
			children = (
				5B8F7229250692B300C427F7 /* GoogleSignIn.bundle */,
				5BABB71A24FAC9F8006D5541 /* Enigma */,
				5BABB73124FACA02006D5541 /* EnigmaTests */,
				5BABB73C24FACA02006D5541 /* EnigmaUITests */,
				5BABB71924FAC9F8006D5541 /* Products */,
				5B8F722A2506952F00C427F7 /* Frameworks */,
			);
			sourceTree = "<group>";
		};
		5BABB71924FAC9F8006D5541 /* Products */ = {
			isa = PBXGroup;
			children = (
				5BABB71824FAC9F8006D5541 /* Enigma.app */,
				5BABB72E24FACA02006D5541 /* EnigmaTests.xctest */,
				5BABB73924FACA02006D5541 /* EnigmaUITests.xctest */,
			);
			name = Products;
			sourceTree = "<group>";
		};
		5BABB71A24FAC9F8006D5541 /* Enigma */ = {
			isa = PBXGroup;
			children = (
				5B8F7235250696B200C427F7 /* Services */,
				5B8F72222506928D00C427F7 /* Google */,
				5BABB74E24FACB68006D5541 /* Utilities */,
				5BABB74D24FACB2A006D5541 /* Controller */,
				5BABB74C24FACB28006D5541 /* View */,
				5BABB74B24FACB24006D5541 /* Model */,
				5BABB72424FACA01006D5541 /* Assets.xcassets */,
				5BABB72924FACA01006D5541 /* Info.plist */,
				5B8F7233250695ED00C427F7 /* credentials.plist */,
			);
			path = Enigma;
			sourceTree = "<group>";
		};
		5BABB73124FACA02006D5541 /* EnigmaTests */ = {
			isa = PBXGroup;
			children = (
				5BABB73224FACA02006D5541 /* EnigmaTests.swift */,
				5BABB73424FACA02006D5541 /* Info.plist */,
			);
			path = EnigmaTests;
			sourceTree = "<group>";
		};
		5BABB73C24FACA02006D5541 /* EnigmaUITests */ = {
			isa = PBXGroup;
			children = (
				5BABB73D24FACA02006D5541 /* EnigmaUITests.swift */,
				5BABB73F24FACA02006D5541 /* Info.plist */,
			);
			path = EnigmaUITests;
			sourceTree = "<group>";
		};
		5BABB74B24FACB24006D5541 /* Model */ = {
			isa = PBXGroup;
			children = (
				5B921FED2507518E00B2AFF4 /* Response */,
				5B921FEC2507518A00B2AFF4 /* Request */,
			);
			path = Model;
			sourceTree = "<group>";
		};
		5BABB74C24FACB28006D5541 /* View */ = {
			isa = PBXGroup;
			children = (
				5BABB72124FAC9F8006D5541 /* Main.storyboard */,
				5BE7D7E52501FDFC00222707 /* HintAlert */,
				5BE7D7E42501FDF100222707 /* AKALert */,
				5BABB72624FACA01006D5541 /* LaunchScreen.storyboard */,
				5B32868824FB949200FE2EEC /* CustomTextField.swift */,
				5B32868E24FBD97900FE2EEC /* xpBar.swift */,
				5B32869624FC256E00FE2EEC /* LeaderboardCell.swift */,
			);
			path = View;
			sourceTree = "<group>";
		};
		5BABB74D24FACB2A006D5541 /* Controller */ = {
			isa = PBXGroup;
			children = (
				5B32868524FB6ADF00FE2EEC /* Main */,
				5B32868424FB6AD500FE2EEC /* Login */,
				5BABB7B924FADEEB006D5541 /* TabbarController.swift */,
			);
			path = Controller;
			sourceTree = "<group>";
		};
		5BABB74E24FACB68006D5541 /* Utilities */ = {
			isa = PBXGroup;
			children = (
				5B32867524FB619300FE2EEC /* Extensions */,
				5BABB75024FACCB9006D5541 /* Fonts */,
				5BABB74F24FACBE4006D5541 /* Helpers */,
				5BABB76E24FACDD9006D5541 /* Constants.swift */,
				5B921FE225074EAC00B2AFF4 /* Defaults.swift */,
				5B921FDC250745A900B2AFF4 /* Network Constants.swift */,
				5B921FDE250748BE00B2AFF4 /* Web Helper.swift */,
			);
			path = Utilities;
			sourceTree = "<group>";
		};
		5BABB74F24FACBE4006D5541 /* Helpers */ = {
			isa = PBXGroup;
			children = (
				5BABB71B24FAC9F8006D5541 /* AppDelegate.swift */,
				5BABB71D24FAC9F8006D5541 /* SceneDelegate.swift */,
			);
			path = Helpers;
			sourceTree = "<group>";
		};
		5BABB75024FACCB9006D5541 /* Fonts */ = {
			isa = PBXGroup;
			children = (
				5BABB77324FAD063006D5541 /* Inconsolata.otf */,
				5BABB75424FACDA9006D5541 /* IBMPlexMono-Bold.ttf */,
				5BABB75524FACDA9006D5541 /* IBMPlexMono-ExtraLight.ttf */,
				5BABB75324FACDA8006D5541 /* IBMPlexMono-Light.ttf */,
				5BABB75224FACDA8006D5541 /* IBMPlexMono-Medium.ttf */,
				5BABB75124FACDA8006D5541 /* IBMPlexMono-Regular.ttf */,
				5BABB75624FACDA9006D5541 /* IBMPlexMono-SemiBold.ttf */,
				5BABB75724FACDA9006D5541 /* IBMPlexMono-Thin.ttf */,
			);
			path = Fonts;
			sourceTree = "<group>";
		};
		5BE7D7E42501FDF100222707 /* AKALert */ = {
			isa = PBXGroup;
			children = (
				5BE7D7E02501F38100222707 /* AKAlert.xib */,
				5BE7D7E22501F52700222707 /* AKAlert.swift */,
			);
			path = AKALert;
			sourceTree = "<group>";
		};
		5BE7D7E52501FDFC00222707 /* HintAlert */ = {
			isa = PBXGroup;
			children = (
				5B32869024FC0A4D00FE2EEC /* HintAlert.xib */,
				5B32869424FC0E9400FE2EEC /* HintAlert.swift */,
			);
			path = HintAlert;
			sourceTree = "<group>";
		};
/* End PBXGroup section */

/* Begin PBXNativeTarget section */
		5BABB71724FAC9F8006D5541 /* Enigma */ = {
			isa = PBXNativeTarget;
			buildConfigurationList = 5BABB74224FACA02006D5541 /* Build configuration list for PBXNativeTarget "Enigma" */;
			buildPhases = (
				5BABB71424FAC9F8006D5541 /* Sources */,
				5BABB71524FAC9F8006D5541 /* Frameworks */,
				5BABB71624FAC9F8006D5541 /* Resources */,
			);
			buildRules = (
			);
			dependencies = (
			);
			name = Enigma;
			productName = Enigma;
			productReference = 5BABB71824FAC9F8006D5541 /* Enigma.app */;
			productType = "com.apple.product-type.application";
		};
		5BABB72D24FACA02006D5541 /* EnigmaTests */ = {
			isa = PBXNativeTarget;
			buildConfigurationList = 5BABB74524FACA02006D5541 /* Build configuration list for PBXNativeTarget "EnigmaTests" */;
			buildPhases = (
				5BABB72A24FACA02006D5541 /* Sources */,
				5BABB72B24FACA02006D5541 /* Frameworks */,
				5BABB72C24FACA02006D5541 /* Resources */,
			);
			buildRules = (
			);
			dependencies = (
				5BABB73024FACA02006D5541 /* PBXTargetDependency */,
			);
			name = EnigmaTests;
			productName = EnigmaTests;
			productReference = 5BABB72E24FACA02006D5541 /* EnigmaTests.xctest */;
			productType = "com.apple.product-type.bundle.unit-test";
		};
		5BABB73824FACA02006D5541 /* EnigmaUITests */ = {
			isa = PBXNativeTarget;
			buildConfigurationList = 5BABB74824FACA02006D5541 /* Build configuration list for PBXNativeTarget "EnigmaUITests" */;
			buildPhases = (
				5BABB73524FACA02006D5541 /* Sources */,
				5BABB73624FACA02006D5541 /* Frameworks */,
				5BABB73724FACA02006D5541 /* Resources */,
			);
			buildRules = (
			);
			dependencies = (
				5BABB73B24FACA02006D5541 /* PBXTargetDependency */,
			);
			name = EnigmaUITests;
			productName = EnigmaUITests;
			productReference = 5BABB73924FACA02006D5541 /* EnigmaUITests.xctest */;
			productType = "com.apple.product-type.bundle.ui-testing";
		};
/* End PBXNativeTarget section */

/* Begin PBXProject section */
		5BABB71024FAC9F8006D5541 /* Project object */ = {
			isa = PBXProject;
			attributes = {
				LastSwiftUpdateCheck = 1140;
				LastUpgradeCheck = 1140;
				ORGANIZATIONNAME = "Aaryan Kothari";
				TargetAttributes = {
					5BABB71724FAC9F8006D5541 = {
						CreatedOnToolsVersion = 11.4;
					};
					5BABB72D24FACA02006D5541 = {
						CreatedOnToolsVersion = 11.4;
						TestTargetID = 5BABB71724FAC9F8006D5541;
					};
					5BABB73824FACA02006D5541 = {
						CreatedOnToolsVersion = 11.4;
						TestTargetID = 5BABB71724FAC9F8006D5541;
					};
				};
			};
			buildConfigurationList = 5BABB71324FAC9F8006D5541 /* Build configuration list for PBXProject "Enigma" */;
			compatibilityVersion = "Xcode 9.3";
			developmentRegion = en;
			hasScannedForEncodings = 0;
			knownRegions = (
				en,
				Base,
			);
			mainGroup = 5BABB70F24FAC9F8006D5541;
			productRefGroup = 5BABB71924FAC9F8006D5541 /* Products */;
			projectDirPath = "";
			projectRoot = "";
			targets = (
				5BABB71724FAC9F8006D5541 /* Enigma */,
				5BABB72D24FACA02006D5541 /* EnigmaTests */,
				5BABB73824FACA02006D5541 /* EnigmaUITests */,
			);
		};
/* End PBXProject section */

/* Begin PBXResourcesBuildPhase section */
		5BABB71624FAC9F8006D5541 /* Resources */ = {
			isa = PBXResourcesBuildPhase;
			buildActionMask = 2147483647;
			files = (
				5B8F72282506929E00C427F7 /* GoogleSignIn.bundle in Resources */,
				5BE7D7E12501F38200222707 /* AKAlert.xib in Resources */,
				5BABB75B24FACDA9006D5541 /* IBMPlexMono-Medium.ttf in Resources */,
				5B32869124FC0A4D00FE2EEC /* HintAlert.xib in Resources */,
				5BABB76424FACDA9006D5541 /* IBMPlexMono-ExtraLight.ttf in Resources */,
				5BABB76124FACDA9006D5541 /* IBMPlexMono-Bold.ttf in Resources */,
				5BABB76724FACDA9006D5541 /* IBMPlexMono-SemiBold.ttf in Resources */,
				5B8F7234250695ED00C427F7 /* credentials.plist in Resources */,
				5BABB75824FACDA9006D5541 /* IBMPlexMono-Regular.ttf in Resources */,
				5BABB75E24FACDA9006D5541 /* IBMPlexMono-Light.ttf in Resources */,
				5BABB72824FACA01006D5541 /* LaunchScreen.storyboard in Resources */,
				5BABB77424FAD063006D5541 /* Inconsolata.otf in Resources */,
				5BABB72524FACA01006D5541 /* Assets.xcassets in Resources */,
				5BABB76A24FACDA9006D5541 /* IBMPlexMono-Thin.ttf in Resources */,
				5BABB72324FAC9F8006D5541 /* Main.storyboard in Resources */,
			);
			runOnlyForDeploymentPostprocessing = 0;
		};
		5BABB72C24FACA02006D5541 /* Resources */ = {
			isa = PBXResourcesBuildPhase;
			buildActionMask = 2147483647;
			files = (
				5BABB76824FACDA9006D5541 /* IBMPlexMono-SemiBold.ttf in Resources */,
				5BABB76224FACDA9006D5541 /* IBMPlexMono-Bold.ttf in Resources */,
				5BABB75C24FACDA9006D5541 /* IBMPlexMono-Medium.ttf in Resources */,
				5BABB75924FACDA9006D5541 /* IBMPlexMono-Regular.ttf in Resources */,
				5BABB75F24FACDA9006D5541 /* IBMPlexMono-Light.ttf in Resources */,
				5BABB76B24FACDA9006D5541 /* IBMPlexMono-Thin.ttf in Resources */,
				5BABB76524FACDA9006D5541 /* IBMPlexMono-ExtraLight.ttf in Resources */,
			);
			runOnlyForDeploymentPostprocessing = 0;
		};
		5BABB73724FACA02006D5541 /* Resources */ = {
			isa = PBXResourcesBuildPhase;
			buildActionMask = 2147483647;
			files = (
				5BABB76924FACDA9006D5541 /* IBMPlexMono-SemiBold.ttf in Resources */,
				5BABB76324FACDA9006D5541 /* IBMPlexMono-Bold.ttf in Resources */,
				5BABB75D24FACDA9006D5541 /* IBMPlexMono-Medium.ttf in Resources */,
				5BABB75A24FACDA9006D5541 /* IBMPlexMono-Regular.ttf in Resources */,
				5BABB76024FACDA9006D5541 /* IBMPlexMono-Light.ttf in Resources */,
				5BABB76C24FACDA9006D5541 /* IBMPlexMono-Thin.ttf in Resources */,
				5BABB76624FACDA9006D5541 /* IBMPlexMono-ExtraLight.ttf in Resources */,
			);
			runOnlyForDeploymentPostprocessing = 0;
		};
/* End PBXResourcesBuildPhase section */

/* Begin PBXSourcesBuildPhase section */
		5BABB71424FAC9F8006D5541 /* Sources */ = {
			isa = PBXSourcesBuildPhase;
			buildActionMask = 2147483647;
			files = (
				5B921FE325074EAC00B2AFF4 /* Defaults.swift in Sources */,
				5B921FDD250745A900B2AFF4 /* Network Constants.swift in Sources */,
				5B32868D24FBA02600FE2EEC /* View.swift in Sources */,
				5B32868924FB949200FE2EEC /* CustomTextField.swift in Sources */,
				5B32867B24FB6AA300FE2EEC /* CountdownViewController.swift in Sources */,
				5B32867D24FB6AB400FE2EEC /* PlayViewController.swift in Sources */,
				5B32867F24FB6AC000FE2EEC /* LeaderboardViewController.swift in Sources */,
				5BABB7BC24FAE05B006D5541 /* HomeViewController.swift in Sources */,
				5B32868B24FB9AC000FE2EEC /* Number.swift in Sources */,
				5B32869524FC0E9400FE2EEC /* HintAlert.swift in Sources */,
				5B32867724FB619F00FE2EEC /* Button.swift in Sources */,
				5BABB71C24FAC9F8006D5541 /* AppDelegate.swift in Sources */,
				5B32868324FB6ACE00FE2EEC /* ProfileViewController.swift in Sources */,
				5B32868724FB6B4700FE2EEC /* RulesViewController.swift in Sources */,
				5BABB71E24FAC9F8006D5541 /* SceneDelegate.swift in Sources */,
				5B32869724FC256E00FE2EEC /* LeaderboardCell.swift in Sources */,
				5BABB7BA24FADEEB006D5541 /* TabbarController.swift in Sources */,
				5B921FE1250749D900B2AFF4 /* Error.swift in Sources */,
				5B32869924FC27F100FE2EEC /* LeaderboardModel.swift in Sources */,
				5B921FE52507503000B2AFF4 /* ServiceController.swift in Sources */,
				5B32868124FB6AC700FE2EEC /* StoryViewController.swift in Sources */,
				5B32867924FB671200FE2EEC /* UserNameViewController.swift in Sources */,
				5BE7D7E32501F52700222707 /* AKAlert.swift in Sources */,
				5BF83A0224FEAFC900A93885 /* ViewController.swift in Sources */,
				5B8F7238250696C400C427F7 /* Google+Signin.swift in Sources */,
				5B921FDF250748BE00B2AFF4 /* Web Helper.swift in Sources */,
				5B921FEB2507516E00B2AFF4 /* Signup Request.swift in Sources */,
				5BABB76F24FACDD9006D5541 /* Constants.swift in Sources */,
				5B32868F24FBD97900FE2EEC /* xpBar.swift in Sources */,
				5B921FE72507505200B2AFF4 /* PostController.swift in Sources */,
			);
			runOnlyForDeploymentPostprocessing = 0;
		};
		5BABB72A24FACA02006D5541 /* Sources */ = {
			isa = PBXSourcesBuildPhase;
			buildActionMask = 2147483647;
			files = (
				5BABB73324FACA02006D5541 /* EnigmaTests.swift in Sources */,
				5BABB77024FACDD9006D5541 /* Constants.swift in Sources */,
			);
			runOnlyForDeploymentPostprocessing = 0;
		};
		5BABB73524FACA02006D5541 /* Sources */ = {
			isa = PBXSourcesBuildPhase;
			buildActionMask = 2147483647;
			files = (
				5BABB73E24FACA02006D5541 /* EnigmaUITests.swift in Sources */,
				5BABB77124FACDD9006D5541 /* Constants.swift in Sources */,
			);
			runOnlyForDeploymentPostprocessing = 0;
		};
/* End PBXSourcesBuildPhase section */

/* Begin PBXTargetDependency section */
		5BABB73024FACA02006D5541 /* PBXTargetDependency */ = {
			isa = PBXTargetDependency;
			target = 5BABB71724FAC9F8006D5541 /* Enigma */;
			targetProxy = 5BABB72F24FACA02006D5541 /* PBXContainerItemProxy */;
		};
		5BABB73B24FACA02006D5541 /* PBXTargetDependency */ = {
			isa = PBXTargetDependency;
			target = 5BABB71724FAC9F8006D5541 /* Enigma */;
			targetProxy = 5BABB73A24FACA02006D5541 /* PBXContainerItemProxy */;
		};
/* End PBXTargetDependency section */

/* Begin PBXVariantGroup section */
		5BABB72124FAC9F8006D5541 /* Main.storyboard */ = {
			isa = PBXVariantGroup;
			children = (
				5BABB72224FAC9F8006D5541 /* Base */,
			);
			name = Main.storyboard;
			sourceTree = "<group>";
		};
		5BABB72624FACA01006D5541 /* LaunchScreen.storyboard */ = {
			isa = PBXVariantGroup;
			children = (
				5BABB72724FACA01006D5541 /* Base */,
			);
			name = LaunchScreen.storyboard;
			sourceTree = "<group>";
		};
/* End PBXVariantGroup section */

/* Begin XCBuildConfiguration section */
		5BABB74024FACA02006D5541 /* Debug */ = {
			isa = XCBuildConfiguration;
			buildSettings = {
				ALWAYS_SEARCH_USER_PATHS = NO;
				CLANG_ANALYZER_NONNULL = YES;
				CLANG_ANALYZER_NUMBER_OBJECT_CONVERSION = YES_AGGRESSIVE;
				CLANG_CXX_LANGUAGE_STANDARD = "gnu++14";
				CLANG_CXX_LIBRARY = "libc++";
				CLANG_ENABLE_MODULES = YES;
				CLANG_ENABLE_OBJC_ARC = YES;
				CLANG_ENABLE_OBJC_WEAK = YES;
				CLANG_WARN_BLOCK_CAPTURE_AUTORELEASING = YES;
				CLANG_WARN_BOOL_CONVERSION = YES;
				CLANG_WARN_COMMA = YES;
				CLANG_WARN_CONSTANT_CONVERSION = YES;
				CLANG_WARN_DEPRECATED_OBJC_IMPLEMENTATIONS = YES;
				CLANG_WARN_DIRECT_OBJC_ISA_USAGE = YES_ERROR;
				CLANG_WARN_DOCUMENTATION_COMMENTS = YES;
				CLANG_WARN_EMPTY_BODY = YES;
				CLANG_WARN_ENUM_CONVERSION = YES;
				CLANG_WARN_INFINITE_RECURSION = YES;
				CLANG_WARN_INT_CONVERSION = YES;
				CLANG_WARN_NON_LITERAL_NULL_CONVERSION = YES;
				CLANG_WARN_OBJC_IMPLICIT_RETAIN_SELF = YES;
				CLANG_WARN_OBJC_LITERAL_CONVERSION = YES;
				CLANG_WARN_OBJC_ROOT_CLASS = YES_ERROR;
				CLANG_WARN_RANGE_LOOP_ANALYSIS = YES;
				CLANG_WARN_STRICT_PROTOTYPES = YES;
				CLANG_WARN_SUSPICIOUS_MOVE = YES;
				CLANG_WARN_UNGUARDED_AVAILABILITY = YES_AGGRESSIVE;
				CLANG_WARN_UNREACHABLE_CODE = YES;
				CLANG_WARN__DUPLICATE_METHOD_MATCH = YES;
				COPY_PHASE_STRIP = NO;
				DEBUG_INFORMATION_FORMAT = dwarf;
				ENABLE_STRICT_OBJC_MSGSEND = YES;
				ENABLE_TESTABILITY = YES;
				GCC_C_LANGUAGE_STANDARD = gnu11;
				GCC_DYNAMIC_NO_PIC = NO;
				GCC_NO_COMMON_BLOCKS = YES;
				GCC_OPTIMIZATION_LEVEL = 0;
				GCC_PREPROCESSOR_DEFINITIONS = (
					"DEBUG=1",
					"$(inherited)",
				);
				GCC_WARN_64_TO_32_BIT_CONVERSION = YES;
				GCC_WARN_ABOUT_RETURN_TYPE = YES_ERROR;
				GCC_WARN_UNDECLARED_SELECTOR = YES;
				GCC_WARN_UNINITIALIZED_AUTOS = YES_AGGRESSIVE;
				GCC_WARN_UNUSED_FUNCTION = YES;
				GCC_WARN_UNUSED_VARIABLE = YES;
				IPHONEOS_DEPLOYMENT_TARGET = 13.4;
				MTL_ENABLE_DEBUG_INFO = INCLUDE_SOURCE;
				MTL_FAST_MATH = YES;
				ONLY_ACTIVE_ARCH = YES;
				SDKROOT = iphoneos;
				SWIFT_ACTIVE_COMPILATION_CONDITIONS = DEBUG;
				SWIFT_OPTIMIZATION_LEVEL = "-Onone";
			};
			name = Debug;
		};
		5BABB74124FACA02006D5541 /* Release */ = {
			isa = XCBuildConfiguration;
			buildSettings = {
				ALWAYS_SEARCH_USER_PATHS = NO;
				CLANG_ANALYZER_NONNULL = YES;
				CLANG_ANALYZER_NUMBER_OBJECT_CONVERSION = YES_AGGRESSIVE;
				CLANG_CXX_LANGUAGE_STANDARD = "gnu++14";
				CLANG_CXX_LIBRARY = "libc++";
				CLANG_ENABLE_MODULES = YES;
				CLANG_ENABLE_OBJC_ARC = YES;
				CLANG_ENABLE_OBJC_WEAK = YES;
				CLANG_WARN_BLOCK_CAPTURE_AUTORELEASING = YES;
				CLANG_WARN_BOOL_CONVERSION = YES;
				CLANG_WARN_COMMA = YES;
				CLANG_WARN_CONSTANT_CONVERSION = YES;
				CLANG_WARN_DEPRECATED_OBJC_IMPLEMENTATIONS = YES;
				CLANG_WARN_DIRECT_OBJC_ISA_USAGE = YES_ERROR;
				CLANG_WARN_DOCUMENTATION_COMMENTS = YES;
				CLANG_WARN_EMPTY_BODY = YES;
				CLANG_WARN_ENUM_CONVERSION = YES;
				CLANG_WARN_INFINITE_RECURSION = YES;
				CLANG_WARN_INT_CONVERSION = YES;
				CLANG_WARN_NON_LITERAL_NULL_CONVERSION = YES;
				CLANG_WARN_OBJC_IMPLICIT_RETAIN_SELF = YES;
				CLANG_WARN_OBJC_LITERAL_CONVERSION = YES;
				CLANG_WARN_OBJC_ROOT_CLASS = YES_ERROR;
				CLANG_WARN_RANGE_LOOP_ANALYSIS = YES;
				CLANG_WARN_STRICT_PROTOTYPES = YES;
				CLANG_WARN_SUSPICIOUS_MOVE = YES;
				CLANG_WARN_UNGUARDED_AVAILABILITY = YES_AGGRESSIVE;
				CLANG_WARN_UNREACHABLE_CODE = YES;
				CLANG_WARN__DUPLICATE_METHOD_MATCH = YES;
				COPY_PHASE_STRIP = NO;
				DEBUG_INFORMATION_FORMAT = "dwarf-with-dsym";
				ENABLE_NS_ASSERTIONS = NO;
				ENABLE_STRICT_OBJC_MSGSEND = YES;
				GCC_C_LANGUAGE_STANDARD = gnu11;
				GCC_NO_COMMON_BLOCKS = YES;
				GCC_WARN_64_TO_32_BIT_CONVERSION = YES;
				GCC_WARN_ABOUT_RETURN_TYPE = YES_ERROR;
				GCC_WARN_UNDECLARED_SELECTOR = YES;
				GCC_WARN_UNINITIALIZED_AUTOS = YES_AGGRESSIVE;
				GCC_WARN_UNUSED_FUNCTION = YES;
				GCC_WARN_UNUSED_VARIABLE = YES;
				IPHONEOS_DEPLOYMENT_TARGET = 13.4;
				MTL_ENABLE_DEBUG_INFO = NO;
				MTL_FAST_MATH = YES;
				SDKROOT = iphoneos;
				SWIFT_COMPILATION_MODE = wholemodule;
				SWIFT_OPTIMIZATION_LEVEL = "-O";
				VALIDATE_PRODUCT = YES;
			};
			name = Release;
		};
		5BABB74324FACA02006D5541 /* Debug */ = {
			isa = XCBuildConfiguration;
			buildSettings = {
				ASSETCATALOG_COMPILER_APPICON_NAME = AppIcon;
				CODE_SIGN_STYLE = Automatic;
				DEVELOPMENT_TEAM = F8CHS6PHQS;
				FRAMEWORK_SEARCH_PATHS = (
					"$(inherited)",
					"$(PROJECT_DIR)/Enigma/Google",
				);
				INFOPLIST_FILE = Enigma/Info.plist;
				LD_RUNPATH_SEARCH_PATHS = (
					"$(inherited)",
					"@executable_path/Frameworks",
				);
				OTHER_LDFLAGS = (
					"$(OTHER_LDFLAGS)",
					"-ObjC",
				);
				PRODUCT_BUNDLE_IDENTIFIER = akk.Enigma;
				PRODUCT_NAME = "$(TARGET_NAME)";
				SWIFT_VERSION = 5.0;
				TARGETED_DEVICE_FAMILY = "1,2";
			};
			name = Debug;
		};
		5BABB74424FACA02006D5541 /* Release */ = {
			isa = XCBuildConfiguration;
			buildSettings = {
				ASSETCATALOG_COMPILER_APPICON_NAME = AppIcon;
				CODE_SIGN_STYLE = Automatic;
				DEVELOPMENT_TEAM = F8CHS6PHQS;
				FRAMEWORK_SEARCH_PATHS = (
					"$(inherited)",
					"$(PROJECT_DIR)/Enigma/Google",
				);
				INFOPLIST_FILE = Enigma/Info.plist;
				LD_RUNPATH_SEARCH_PATHS = (
					"$(inherited)",
					"@executable_path/Frameworks",
				);
				OTHER_LDFLAGS = (
					"$(OTHER_LDFLAGS)",
					"-ObjC",
				);
				PRODUCT_BUNDLE_IDENTIFIER = akk.Enigma;
				PRODUCT_NAME = "$(TARGET_NAME)";
				SWIFT_VERSION = 5.0;
				TARGETED_DEVICE_FAMILY = "1,2";
			};
			name = Release;
		};
		5BABB74624FACA02006D5541 /* Debug */ = {
			isa = XCBuildConfiguration;
			buildSettings = {
				ALWAYS_EMBED_SWIFT_STANDARD_LIBRARIES = YES;
				BUNDLE_LOADER = "$(TEST_HOST)";
				CODE_SIGN_STYLE = Automatic;
				DEVELOPMENT_TEAM = F8CHS6PHQS;
				INFOPLIST_FILE = EnigmaTests/Info.plist;
				IPHONEOS_DEPLOYMENT_TARGET = 13.4;
				LD_RUNPATH_SEARCH_PATHS = (
					"$(inherited)",
					"@executable_path/Frameworks",
					"@loader_path/Frameworks",
				);
				PRODUCT_BUNDLE_IDENTIFIER = ak.EnigmaTests;
				PRODUCT_NAME = "$(TARGET_NAME)";
				SWIFT_VERSION = 5.0;
				TARGETED_DEVICE_FAMILY = "1,2";
				TEST_HOST = "$(BUILT_PRODUCTS_DIR)/Enigma.app/Enigma";
			};
			name = Debug;
		};
		5BABB74724FACA02006D5541 /* Release */ = {
			isa = XCBuildConfiguration;
			buildSettings = {
				ALWAYS_EMBED_SWIFT_STANDARD_LIBRARIES = YES;
				BUNDLE_LOADER = "$(TEST_HOST)";
				CODE_SIGN_STYLE = Automatic;
				DEVELOPMENT_TEAM = F8CHS6PHQS;
				INFOPLIST_FILE = EnigmaTests/Info.plist;
				IPHONEOS_DEPLOYMENT_TARGET = 13.4;
				LD_RUNPATH_SEARCH_PATHS = (
					"$(inherited)",
					"@executable_path/Frameworks",
					"@loader_path/Frameworks",
				);
				PRODUCT_BUNDLE_IDENTIFIER = ak.EnigmaTests;
				PRODUCT_NAME = "$(TARGET_NAME)";
				SWIFT_VERSION = 5.0;
				TARGETED_DEVICE_FAMILY = "1,2";
				TEST_HOST = "$(BUILT_PRODUCTS_DIR)/Enigma.app/Enigma";
			};
			name = Release;
		};
		5BABB74924FACA02006D5541 /* Debug */ = {
			isa = XCBuildConfiguration;
			buildSettings = {
				ALWAYS_EMBED_SWIFT_STANDARD_LIBRARIES = YES;
				CODE_SIGN_STYLE = Automatic;
				DEVELOPMENT_TEAM = F8CHS6PHQS;
				INFOPLIST_FILE = EnigmaUITests/Info.plist;
				LD_RUNPATH_SEARCH_PATHS = (
					"$(inherited)",
					"@executable_path/Frameworks",
					"@loader_path/Frameworks",
				);
				PRODUCT_BUNDLE_IDENTIFIER = ak.EnigmaUITests;
				PRODUCT_NAME = "$(TARGET_NAME)";
				SWIFT_VERSION = 5.0;
				TARGETED_DEVICE_FAMILY = "1,2";
				TEST_TARGET_NAME = Enigma;
			};
			name = Debug;
		};
		5BABB74A24FACA02006D5541 /* Release */ = {
			isa = XCBuildConfiguration;
			buildSettings = {
				ALWAYS_EMBED_SWIFT_STANDARD_LIBRARIES = YES;
				CODE_SIGN_STYLE = Automatic;
				DEVELOPMENT_TEAM = F8CHS6PHQS;
				INFOPLIST_FILE = EnigmaUITests/Info.plist;
				LD_RUNPATH_SEARCH_PATHS = (
					"$(inherited)",
					"@executable_path/Frameworks",
					"@loader_path/Frameworks",
				);
				PRODUCT_BUNDLE_IDENTIFIER = ak.EnigmaUITests;
				PRODUCT_NAME = "$(TARGET_NAME)";
				SWIFT_VERSION = 5.0;
				TARGETED_DEVICE_FAMILY = "1,2";
				TEST_TARGET_NAME = Enigma;
			};
			name = Release;
		};
/* End XCBuildConfiguration section */

/* Begin XCConfigurationList section */
		5BABB71324FAC9F8006D5541 /* Build configuration list for PBXProject "Enigma" */ = {
			isa = XCConfigurationList;
			buildConfigurations = (
				5BABB74024FACA02006D5541 /* Debug */,
				5BABB74124FACA02006D5541 /* Release */,
			);
			defaultConfigurationIsVisible = 0;
			defaultConfigurationName = Release;
		};
		5BABB74224FACA02006D5541 /* Build configuration list for PBXNativeTarget "Enigma" */ = {
			isa = XCConfigurationList;
			buildConfigurations = (
				5BABB74324FACA02006D5541 /* Debug */,
				5BABB74424FACA02006D5541 /* Release */,
			);
			defaultConfigurationIsVisible = 0;
			defaultConfigurationName = Release;
		};
		5BABB74524FACA02006D5541 /* Build configuration list for PBXNativeTarget "EnigmaTests" */ = {
			isa = XCConfigurationList;
			buildConfigurations = (
				5BABB74624FACA02006D5541 /* Debug */,
				5BABB74724FACA02006D5541 /* Release */,
			);
			defaultConfigurationIsVisible = 0;
			defaultConfigurationName = Release;
		};
		5BABB74824FACA02006D5541 /* Build configuration list for PBXNativeTarget "EnigmaUITests" */ = {
			isa = XCConfigurationList;
			buildConfigurations = (
				5BABB74924FACA02006D5541 /* Debug */,
				5BABB74A24FACA02006D5541 /* Release */,
			);
			defaultConfigurationIsVisible = 0;
			defaultConfigurationName = Release;
		};
/* End XCConfigurationList section */
	};
	rootObject = 5BABB71024FAC9F8006D5541 /* Project object */;
}
